
Microsoft Visual Studio Solution File, Format Version 12.00
# Visual Studio Version 17
VisualStudioVersion = 17.9.34321.82
MinimumVisualStudioVersion = 10.0.40219.1
Project("{FAE04EC0-301F-11D3-BF4B-00C04F79EFBC}") = "MailFetch1", "MailFetch1.csproj", "{082B93C4-B187-46F5-994B-613A639465E2}"
EndProject
Global
	GlobalSection(SolutionConfigurationPlatforms) = preSolution
		Debug|Any CPU = Debug|Any CPU
		Release|Any CPU = Release|Any CPU
	EndGlobalSection
	GlobalSection(ProjectConfigurationPlatforms) = postSolution
		{082B93C4-B187-46F5-994B-613A639465E2}.Debug|Any CPU.ActiveCfg = Debug|Any CPU
		{082B93C4-B187-46F5-994B-613A639465E2}.Debug|Any CPU.Build.0 = Debug|Any CPU
		{082B93C4-B187-46F5-994B-613A639465E2}.Debug|Any CPU.Deploy.0 = Debug|Any CPU
		{082B93C4-B187-46F5-994B-613A639465E2}.Release|Any CPU.ActiveCfg = Release|Any CPU
		{082B93C4-B187-46F5-994B-613A639465E2}.Release|Any CPU.Build.0 = Release|Any CPU
		{082B93C4-B187-46F5-994B-613A639465E2}.Release|Any CPU.Deploy.0 = Release|Any CPU
	EndGlobalSection
	GlobalSection(SolutionProperties) = preSolution
		HideSolutionNode = FALSE
	EndGlobalSection
	GlobalSection(ExtensibilityGlobals) = postSolution
		SolutionGuid = {7E2129FB-72DF-4F78-9F12-304580C9D46E}
	EndGlobalSection
EndGlobal
